{
  "lockfile_version": "1",
  "packages": {
    "bun@1.3.5": {
      "last_modified": "2025-12-31T03:27:36Z",
      "resolved": "github:NixOS/nixpkgs/f665af0cdb70ed27e1bd8f9fdfecaf451260fc55#bun",
      "source": "devbox-search",
      "version": "1.3.5",
      "systems": {
        "aarch64-darwin": {
          "outputs": [
            {
              "name": "out",
              "path": "/nix/store/l95lxycv81h0dd313cznpkqjqyny7fnl-bun-1.3.5",
              "default": true
            }
          ],
          "store_path": "/nix/store/l95lxycv81h0dd313cznpkqjqyny7fnl-bun-1.3.5"
        },
        "aarch64-linux": {
          "outputs": [
            {
              "name": "out",
              "path": "/nix/store/64zyjf8y41ddxys3c8fswmfjl7a1dq0r-bun-1.3.5",
              "default": true
            }
          ],
          "store_path": "/nix/store/64zyjf8y41ddxys3c8fswmfjl7a1dq0r-bun-1.3.5"
        },
        "x86_64-darwin": {
          "outputs": [
            {
              "name": "out",
              "path": "/nix/store/bigwxxi4a1plg9cssmv7l0llmna0j5gk-bun-1.3.5",
              "default": true
            }
          ],
          "store_path": "/nix/store/bigwxxi4a1plg9cssmv7l0llmna0j5gk-bun-1.3.5"
        },
        "x86_64-linux": {
          "outputs": [
            {
              "name": "out",
              "path": "/nix/store/qgwwg2jr2yrksig72y9cmhj65bdcnxhn-bun-1.3.5",
              "default": true
            }
          ],
          "store_path": "/nix/store/qgwwg2jr2yrksig72y9cmhj65bdcnxhn-bun-1.3.5"
        }
      }
    },
    "docker-compose@5.0.0": {
      "last_modified": "2025-12-31T03:27:36Z",
      "resolved": "github:NixOS/nixpkgs/f665af0cdb70ed27e1bd8f9fdfecaf451260fc55#docker-compose",
      "source": "devbox-search",
      "version": "5.0.0",
      "systems": {
        "aarch64-darwin": {
          "outputs": [
            {
              "name": "out",
              "path": "/nix/store/3hjslnqyk2fz0f0b0x7n26myrcn796jp-docker-compose-5.0.0",
              "default": true
            }
          ],
          "store_path": "/nix/store/3hjslnqyk2fz0f0b0x7n26myrcn796jp-docker-compose-5.0.0"
        },
        "aarch64-linux": {
          "outputs": [
            {
              "name": "out",
              "path": "/nix/store/llayv5nw1sphdic8fngdfzgk9m4czghw-docker-compose-5.0.0",
              "default": true
            }
          ],
          "store_path": "/nix/store/llayv5nw1sphdic8fngdfzgk9m4czghw-docker-compose-5.0.0"
        },
        "x86_64-darwin": {
          "outputs": [
            {
              "name": "out",
              "path": "/nix/store/zpchdqbwpcq442lc0c1iyk9kgbkszww5-docker-compose-5.0.0",
              "default": true
            }
          ],
          "store_path": "/nix/store/zpchdqbwpcq442lc0c1iyk9kgbkszww5-docker-compose-5.0.0"
        },
        "x86_64-linux": {
          "outputs": [
            {
              "name": "out",
              "path": "/nix/store/2d9r99ykyfj6677f1hyjw7lmlxpik6l0-docker-compose-5.0.0",
              "default": true
            }
          ],
          "store_path": "/nix/store/2d9r99ykyfj6677f1hyjw7lmlxpik6l0-docker-compose-5.0.0"
        }
      }
    },
    "docker@28.5.1": {
      "last_modified": "2025-12-04T04:58:45Z",
      "resolved": "github:NixOS/nixpkgs/821f1a2ebab0f13d6d65170d6bd7d2b3a182efdb#docker",
      "source": "devbox-search",
      "version": "28.5.1",
      "systems": {
        "aarch64-darwin": {
          "outputs": [
            {
              "name": "out",
              "path": "/nix/store/hin3prdkyyljd263lnpk63m7km0mpijy-docker-28.5.1",
              "default": true
            }
          ],
          "store_path": "/nix/store/hin3prdkyyljd263lnpk63m7km0mpijy-docker-28.5.1"
        },
        "aarch64-linux": {
          "outputs": [
            {
              "name": "out",
              "path": "/nix/store/dlbg46jkvcr59i95mwsnz28baffxr1kj-docker-28.5.1",
              "default": true
            }
          ],
          "store_path": "/nix/store/dlbg46jkvcr59i95mwsnz28baffxr1kj-docker-28.5.1"
        },
        "x86_64-darwin": {
          "outputs": [
            {
              "name": "out",
              "path": "/nix/store/767n224knp1sqrikx0x58g4552gfzz2a-docker-28.5.1",
              "default": true
            }
          ],
          "store_path": "/nix/store/767n224knp1sqrikx0x58g4552gfzz2a-docker-28.5.1"
        },
        "x86_64-linux": {
          "outputs": [
            {
              "name": "out",
              "path": "/nix/store/xib93n12k7r8cs4p41rszbr2bx3ca5ay-docker-28.5.1",
              "default": true
            }
          ],
          "store_path": "/nix/store/xib93n12k7r8cs4p41rszbr2bx3ca5ay-docker-28.5.1"
        }
      }
    },
    "github:NixOS/nixpkgs/nixpkgs-unstable": {
      "last_modified": "2026-01-11T16:44:50Z",
      "resolved": "github:NixOS/nixpkgs/4d113fe1f7bb454435a5cabae6cd283e64191bb7?lastModified=1768149890&narHash=sha256-iihg1oHkVkYHD1pFQifGEP%2BRw1g%2BLZQyDNbtAqpXtNM%3D"
    },
    "gitleaks@8.30.0": {
      "last_modified": "2025-12-31T03:27:36Z",
      "resolved": "github:NixOS/nixpkgs/f665af0cdb70ed27e1bd8f9fdfecaf451260fc55#gitleaks",
      "source": "devbox-search",
      "version": "8.30.0",
      "systems": {
        "aarch64-darwin": {
          "outputs": [
            {
              "name": "out",
              "path": "/nix/store/5lacsgai6r9rfrvg7956590bk5313pzz-gitleaks-8.30.0",
              "default": true
            }
          ],
          "store_path": "/nix/store/5lacsgai6r9rfrvg7956590bk5313pzz-gitleaks-8.30.0"
        },
        "aarch64-linux": {
          "outputs": [
            {
              "name": "out",
              "path": "/nix/store/af40x7x578bckk67hw63478lv5yvl5zi-gitleaks-8.30.0",
              "default": true
            }
          ],
          "store_path": "/nix/store/af40x7x578bckk67hw63478lv5yvl5zi-gitleaks-8.30.0"
        },
        "x86_64-darwin": {
          "outputs": [
            {
              "name": "out",
              "path": "/nix/store/ib6gsr6h39l0mam1lky7s2ajj61wrrgd-gitleaks-8.30.0",
              "default": true
            }
          ],
          "store_path": "/nix/store/ib6gsr6h39l0mam1lky7s2ajj61wrrgd-gitleaks-8.30.0"
        },
        "x86_64-linux": {
          "outputs": [
            {
              "name": "out",
              "path": "/nix/store/lh9k58x4grgnfandj8nkqc84mw1ibhm0-gitleaks-8.30.0",
              "default": true
            }
          ],
          "store_path": "/nix/store/lh9k58x4grgnfandj8nkqc84mw1ibhm0-gitleaks-8.30.0"
        }
      }
    },
    "kind@0.31.0": {
      "last_modified": "2025-12-31T03:27:36Z",
      "resolved": "github:NixOS/nixpkgs/f665af0cdb70ed27e1bd8f9fdfecaf451260fc55#kind",
      "source": "devbox-search",
      "version": "0.31.0",
      "systems": {
        "aarch64-darwin": {
          "outputs": [
            {
              "name": "out",
              "path": "/nix/store/mbw6acfg9zwlchqmij7gd4g0sfxh61g0-kind-0.31.0",
              "default": true
            }
          ],
          "store_path": "/nix/store/mbw6acfg9zwlchqmij7gd4g0sfxh61g0-kind-0.31.0"
        },
        "aarch64-linux": {
          "outputs": [
            {
              "name": "out",
              "path": "/nix/store/3ayz1zmgwlkakdgz15isc826lhirpl0w-kind-0.31.0",
              "default": true
            }
          ],
          "store_path": "/nix/store/3ayz1zmgwlkakdgz15isc826lhirpl0w-kind-0.31.0"
        },
        "x86_64-darwin": {
          "outputs": [
            {
              "name": "out",
              "path": "/nix/store/wq2qfwvnrkfb39np762bc90y40lqs6hj-kind-0.31.0",
              "default": true
            }
          ],
          "store_path": "/nix/store/wq2qfwvnrkfb39np762bc90y40lqs6hj-kind-0.31.0"
        },
        "x86_64-linux": {
          "outputs": [
            {
              "name": "out",
              "path": "/nix/store/bwjsrl5n0lzl8d3308z1qzy5bgh9rsbh-kind-0.31.0",
              "default": true
            }
          ],
          "store_path": "/nix/store/bwjsrl5n0lzl8d3308z1qzy5bgh9rsbh-kind-0.31.0"
        }
      }
    },
    "kubectl@1.34.3": {
      "last_modified": "2025-12-31T03:27:36Z",
      "resolved": "github:NixOS/nixpkgs/f665af0cdb70ed27e1bd8f9fdfecaf451260fc55#kubectl",
      "source": "devbox-search",
      "version": "1.34.3",
      "systems": {
        "aarch64-darwin": {
          "outputs": [
            {
              "name": "out",
              "path": "/nix/store/c71lz1967mm66c9g3app5c6kqlbk61g0-kubectl-1.34.3",
              "default": true
            },
            {
              "name": "man",
              "path": "/nix/store/fcnijkgxaj8lyf5mw984gf2nby5ak327-kubectl-1.34.3-man",
              "default": true
            },
            {
              "name": "convert",
              "path": "/nix/store/szh8dvly7l0d0zi9zzhi564lnpg1r3sv-kubectl-1.34.3-convert"
            }
          ],
          "store_path": "/nix/store/c71lz1967mm66c9g3app5c6kqlbk61g0-kubectl-1.34.3"
        },
        "aarch64-linux": {
          "outputs": [
            {
              "name": "out",
              "path": "/nix/store/6xpr560plpxxm3p6l82maidzcyai81qa-kubectl-1.34.3",
              "default": true
            },
            {
              "name": "man",
              "path": "/nix/store/171yi490kpxvb28zbyj0ackl7f00r89r-kubectl-1.34.3-man",
              "default": true
            },
            {
              "name": "convert",
              "path": "/nix/store/qb261vfrjghmgk7jfqrfbl237s4r1nz8-kubectl-1.34.3-convert"
            }
          ],
          "store_path": "/nix/store/6xpr560plpxxm3p6l82maidzcyai81qa-kubectl-1.34.3"
        },
        "x86_64-darwin": {
          "outputs": [
            {
              "name": "out",
              "path": "/nix/store/fgg8vgqk6a8bxqf1pd7nqvdihmdaxvww-kubectl-1.34.3",
              "default": true
            },
            {
              "name": "man",
              "path": "/nix/store/9lkn22v4rz5k410kx4d8ari4i0chbqcv-kubectl-1.34.3-man",
              "default": true
            },
            {
              "name": "convert",
              "path": "/nix/store/z440qi75bbvlc9f8b5811wjnw28m5p8c-kubectl-1.34.3-convert"
            }
          ],
          "store_path": "/nix/store/fgg8vgqk6a8bxqf1pd7nqvdihmdaxvww-kubectl-1.34.3"
        },
        "x86_64-linux": {
          "outputs": [
            {
              "name": "out",
              "path": "/nix/store/1ricrs8fhz0xijgqz7v81wjy8xc1249q-kubectl-1.34.3",
              "default": true
            },
            {
              "name": "man",
              "path": "/nix/store/pxidw0l09lrlca2hn5b0jfqsz5935dkp-kubectl-1.34.3-man",
              "default": true
            },
            {
              "name": "convert",
              "path": "/nix/store/d2s64m9ag9bdsml0wbmlx9g55kk39hp4-kubectl-1.34.3-convert"
            }
          ],
          "store_path": "/nix/store/1ricrs8fhz0xijgqz7v81wjy8xc1249q-kubectl-1.34.3"
        }
      }
    },
    "minikube@1.37.0": {
      "last_modified": "2026-01-02T14:39:32Z",
      "resolved": "github:NixOS/nixpkgs/16c7794d0a28b5a37904d55bcca36003b9109aaa#minikube",
      "source": "devbox-search",
      "version": "1.37.0",
      "systems": {
        "aarch64-darwin": {
          "outputs": [
            {
              "name": "out",
              "path": "/nix/store/ydwslxrdjp6w0hzjwqs0dwiagzd1ww9h-minikube-1.37.0",
              "default": true
            }
          ],
          "store_path": "/nix/store/ydwslxrdjp6w0hzjwqs0dwiagzd1ww9h-minikube-1.37.0"
        },
        "aarch64-linux": {
          "outputs": [
            {
              "name": "out",
              "path": "/nix/store/w5xvbb3qzlwiydi0pq7f1aykrc660hi2-minikube-1.37.0",
              "default": true
            }
          ],
          "store_path": "/nix/store/w5xvbb3qzlwiydi0pq7f1aykrc660hi2-minikube-1.37.0"
        },
        "x86_64-darwin": {
          "outputs": [
            {
              "name": "out",
              "path": "/nix/store/59f6m862yqqalvmcdgrgilnj1mi4d3j4-minikube-1.37.0",
              "default": true
            }
          ],
          "store_path": "/nix/store/59f6m862yqqalvmcdgrgilnj1mi4d3j4-minikube-1.37.0"
        },
        "x86_64-linux": {
          "outputs": [
            {
              "name": "out",
              "path": "/nix/store/m6861llhz33mwvqkagcz0b3x5gm9fhja-minikube-1.37.0",
              "default": true
            }
          ],
          "store_path": "/nix/store/m6861llhz33mwvqkagcz0b3x5gm9fhja-minikube-1.37.0"
        }
      }
    },
    "tilt@0.36.0": {
      "last_modified": "2025-12-31T03:27:36Z",
      "resolved": "github:NixOS/nixpkgs/f665af0cdb70ed27e1bd8f9fdfecaf451260fc55#tilt",
      "source": "devbox-search",
      "version": "0.36.0",
      "systems": {
        "aarch64-darwin": {
          "outputs": [
            {
              "name": "out",
              "path": "/nix/store/y53lvidhcwm465fmrldmnzcfssdx2yyd-tilt-0.36.0",
              "default": true
            }
          ],
          "store_path": "/nix/store/y53lvidhcwm465fmrldmnzcfssdx2yyd-tilt-0.36.0"
        },
        "aarch64-linux": {
          "outputs": [
            {
              "name": "out",
              "path": "/nix/store/g47in4kg7jc3xyaiag04g07p2vina3n5-tilt-0.36.0",
              "default": true
            }
          ],
          "store_path": "/nix/store/g47in4kg7jc3xyaiag04g07p2vina3n5-tilt-0.36.0"
        },
        "x86_64-darwin": {
          "outputs": [
            {
              "name": "out",
              "path": "/nix/store/vj7zijgxa91fw5p531qv7y7wsssc6046-tilt-0.36.0",
              "default": true
            }
          ],
          "store_path": "/nix/store/vj7zijgxa91fw5p531qv7y7wsssc6046-tilt-0.36.0"
        },
        "x86_64-linux": {
          "outputs": [
            {
              "name": "out",
              "path": "/nix/store/rkl34bzadnzzji3bgjwym9n46kihapy7-tilt-0.36.0",
              "default": true
            }
          ],
          "store_path": "/nix/store/rkl34bzadnzzji3bgjwym9n46kihapy7-tilt-0.36.0"
        }
      }
    }
  }
}
