{
  "lockfile_version": "1",
  "packages": {
    "bun@1.3.13": {
      "last_modified": "2026-08-01T16:34:20Z",
      "resolved": "github:NixOS/nixpkgs/a5cbcfe954791221bfffe2307f7d1a1bf61a871e#bun",
      "source": "devbox-search",
      "version": "1.3.13",
      "systems": {
        "aarch64-darwin": {
          "outputs": [
            {
              "name": "out",
              "path": "/nix/store/0whaa9b54rwpyx2v5rps15xpckcrrfs7-bun-1.3.13",
              "default": true
            }
          ],
          "store_path": "/nix/store/0whaa9b54rwpyx2v5rps15xpckcrrfs7-bun-1.3.13"
        },
        "aarch64-linux": {
          "outputs": [
            {
              "name": "out",
              "path": "/nix/store/pm8kj4ysqkf8b53yyi3576kwd23q0x23-bun-1.3.13",
              "default": true
            }
          ],
          "store_path": "/nix/store/pm8kj4ysqkf8b53yyi3576kwd23q0x23-bun-1.3.13"
        },
        "x86_64-darwin": {
          "outputs": [
            {
              "name": "out",
              "path": "/nix/store/wn9cggwqflvqryxxb9xinl9iygndm8d9-bun-1.3.13",
              "default": true
            }
          ],
          "store_path": "/nix/store/wn9cggwqflvqryxxb9xinl9iygndm8d9-bun-1.3.13"
        },
        "x86_64-linux": {
          "outputs": [
            {
              "name": "out",
              "path": "/nix/store/sav1jc5c2axarnzif94rkm8byc6zw0kb-bun-1.3.13",
              "default": true
            }
          ],
          "store_path": "/nix/store/sav1jc5c2axarnzif94rkm8byc6zw0kb-bun-1.3.13"
        }
      }
    },
    "docker-compose@5.4.0": {
      "last_modified": "2026-08-05T07:53:23Z",
      "resolved": "github:NixOS/nixpkgs/3a971fa2e67dcb0f2f2cfed2d37e7956567d73d1#docker-compose",
      "source": "devbox-search",
      "version": "5.4.0",
      "systems": {
        "aarch64-darwin": {
          "outputs": [
            {
              "name": "out",
              "path": "/nix/store/gl5zhraig8m6gwm5wapa3xnkj8s979w4-docker-compose-5.4.0",
              "default": true
            }
          ],
          "store_path": "/nix/store/gl5zhraig8m6gwm5wapa3xnkj8s979w4-docker-compose-5.4.0"
        },
        "aarch64-linux": {
          "outputs": [
            {
              "name": "out",
              "path": "/nix/store/k4l98qmi6cj9dib37fhzrgcxrdv6bkr4-docker-compose-5.4.0",
              "default": true
            }
          ],
          "store_path": "/nix/store/k4l98qmi6cj9dib37fhzrgcxrdv6bkr4-docker-compose-5.4.0"
        },
        "x86_64-linux": {
          "outputs": [
            {
              "name": "out",
              "path": "/nix/store/9ikmyyn72bss546xhgfg69w10a270v46-docker-compose-5.4.0",
              "default": true
            }
          ],
          "store_path": "/nix/store/9ikmyyn72bss546xhgfg69w10a270v46-docker-compose-5.4.0"
        }
      }
    },
    "docker@28.5.1": {
      "last_modified": "2025-12-04T04:58:45Z",
      "resolved": "github:NixOS/nixpkgs/821f1a2ebab0f13d6d65170d6bd7d2b3a182efdb#docker",
      "source": "devbox-search",
      "version": "28.5.1",
      "systems": {
        "aarch64-darwin": {
          "outputs": [
            {
              "name": "out",
              "path": "/nix/store/hin3prdkyyljd263lnpk63m7km0mpijy-docker-28.5.1",
              "default": true
            }
          ],
          "store_path": "/nix/store/hin3prdkyyljd263lnpk63m7km0mpijy-docker-28.5.1"
        },
        "aarch64-linux": {
          "outputs": [
            {
              "name": "out",
              "path": "/nix/store/dlbg46jkvcr59i95mwsnz28baffxr1kj-docker-28.5.1",
              "default": true
            }
          ],
          "store_path": "/nix/store/dlbg46jkvcr59i95mwsnz28baffxr1kj-docker-28.5.1"
        },
        "x86_64-darwin": {
          "outputs": [
            {
              "name": "out",
              "path": "/nix/store/767n224knp1sqrikx0x58g4552gfzz2a-docker-28.5.1",
              "default": true
            }
          ],
          "store_path": "/nix/store/767n224knp1sqrikx0x58g4552gfzz2a-docker-28.5.1"
        },
        "x86_64-linux": {
          "outputs": [
            {
              "name": "out",
              "path": "/nix/store/xib93n12k7r8cs4p41rszbr2bx3ca5ay-docker-28.5.1",
              "default": true
            }
          ],
          "store_path": "/nix/store/xib93n12k7r8cs4p41rszbr2bx3ca5ay-docker-28.5.1"
        }
      }
    },
    "github:NixOS/nixpkgs/nixpkgs-unstable": {
      "last_modified": "2026-08-14T15:04:01Z",
      "resolved": "github:NixOS/nixpkgs/8be7bd0c83f12e2e3bbba07c9044d6fed9e66f7f?lastModified=1786719841&narHash=sha256-QcpQOT0NQEFkI77t%2BYXPZqDJc35iIodG7zinieOwFUg%3D"
    },
    "gitleaks@8.30.1": {
      "last_modified": "2026-08-01T16:34:20Z",
      "resolved": "github:NixOS/nixpkgs/a5cbcfe954791221bfffe2307f7d1a1bf61a871e#gitleaks",
      "source": "devbox-search",
      "version": "8.30.1",
      "systems": {
        "aarch64-darwin": {
          "outputs": [
            {
              "name": "out",
              "path": "/nix/store/cd1mdfxh9fkan85xfvfszp09z0pnrw92-gitleaks-8.30.1",
              "default": true
            }
          ],
          "store_path": "/nix/store/cd1mdfxh9fkan85xfvfszp09z0pnrw92-gitleaks-8.30.1"
        },
        "aarch64-linux": {
          "outputs": [
            {
              "name": "out",
              "path": "/nix/store/5ag1lvwd0faajnd1isazrjlmbys928x9-gitleaks-8.30.1",
              "default": true
            }
          ],
          "store_path": "/nix/store/5ag1lvwd0faajnd1isazrjlmbys928x9-gitleaks-8.30.1"
        },
        "x86_64-darwin": {
          "outputs": [
            {
              "name": "out",
              "path": "/nix/store/v5x4dkl13y4nxhcaq4xmrwkidy44gv9p-gitleaks-8.30.1",
              "default": true
            }
          ],
          "store_path": "/nix/store/v5x4dkl13y4nxhcaq4xmrwkidy44gv9p-gitleaks-8.30.1"
        },
        "x86_64-linux": {
          "outputs": [
            {
              "name": "out",
              "path": "/nix/store/fqjnjyp0l2ifa6a0pkc6v9v9l8ygwhkn-gitleaks-8.30.1",
              "default": true
            }
          ],
          "store_path": "/nix/store/fqjnjyp0l2ifa6a0pkc6v9v9l8ygwhkn-gitleaks-8.30.1"
        }
      }
    },
    "kind@0.32.0": {
      "last_modified": "2026-08-01T16:34:20Z",
      "resolved": "github:NixOS/nixpkgs/a5cbcfe954791221bfffe2307f7d1a1bf61a871e#kind",
      "source": "devbox-search",
      "version": "0.32.0",
      "systems": {
        "aarch64-darwin": {
          "outputs": [
            {
              "name": "out",
              "path": "/nix/store/pakfccnzsq6c31h5l4145jpidp32ggxg-kind-0.32.0",
              "default": true
            }
          ],
          "store_path": "/nix/store/pakfccnzsq6c31h5l4145jpidp32ggxg-kind-0.32.0"
        },
        "aarch64-linux": {
          "outputs": [
            {
              "name": "out",
              "path": "/nix/store/h6a1hnw4cwpzadc5xc60i7bb1d9xwi68-kind-0.32.0",
              "default": true
            }
          ],
          "store_path": "/nix/store/h6a1hnw4cwpzadc5xc60i7bb1d9xwi68-kind-0.32.0"
        },
        "x86_64-linux": {
          "outputs": [
            {
              "name": "out",
              "path": "/nix/store/dz74fjdwyfrmsd48fx96g53zsk0x63p2-kind-0.32.0",
              "default": true
            }
          ],
          "store_path": "/nix/store/dz74fjdwyfrmsd48fx96g53zsk0x63p2-kind-0.32.0"
        }
      }
    },
    "kubectl@1.36.3": {
      "last_modified": "2026-08-01T16:34:20Z",
      "resolved": "github:NixOS/nixpkgs/a5cbcfe954791221bfffe2307f7d1a1bf61a871e#kubectl",
      "source": "devbox-search",
      "version": "1.36.3",
      "systems": {
        "aarch64-darwin": {
          "outputs": [
            {
              "name": "out",
              "path": "/nix/store/3qb9nx5p60da5mxgpqykdgmr5yy63b25-kubectl-1.36.3",
              "default": true
            },
            {
              "name": "man",
              "path": "/nix/store/d5nh9pwixcm9672rhqwy655k9i2a26lp-kubectl-1.36.3-man",
              "default": true
            },
            {
              "name": "convert",
              "path": "/nix/store/yzb59f5y4qhra438w2lma11svrl58j9w-kubectl-1.36.3-convert"
            }
          ],
          "store_path": "/nix/store/3qb9nx5p60da5mxgpqykdgmr5yy63b25-kubectl-1.36.3"
        },
        "aarch64-linux": {
          "outputs": [
            {
              "name": "out",
              "path": "/nix/store/hrvl2jwvk4n983cm0pznqqq1wngkz5wi-kubectl-1.36.3",
              "default": true
            },
            {
              "name": "man",
              "path": "/nix/store/c2pj3axay86cxhmi9fmxd5g0rm7cpxb9-kubectl-1.36.3-man",
              "default": true
            },
            {
              "name": "convert",
              "path": "/nix/store/mj3q2rip56ykf0amhi5qldmpzmcwhl7s-kubectl-1.36.3-convert"
            }
          ],
          "store_path": "/nix/store/hrvl2jwvk4n983cm0pznqqq1wngkz5wi-kubectl-1.36.3"
        },
        "x86_64-linux": {
          "outputs": [
            {
              "name": "out",
              "path": "/nix/store/gr13vsi0xrrw3y6fpyrk2kgmkidpqrm9-kubectl-1.36.3",
              "default": true
            },
            {
              "name": "man",
              "path": "/nix/store/1yn762n6qnzpbrvmrz4qh1fd3gphg78z-kubectl-1.36.3-man",
              "default": true
            },
            {
              "name": "convert",
              "path": "/nix/store/xm69shzq95d044c87296rjfsq6a9fi3d-kubectl-1.36.3-convert"
            }
          ],
          "store_path": "/nix/store/gr13vsi0xrrw3y6fpyrk2kgmkidpqrm9-kubectl-1.36.3"
        }
      }
    },
    "minikube@1.38.1": {
      "last_modified": "2026-08-06T00:10:29Z",
      "resolved": "github:NixOS/nixpkgs/70ce234312134a463ba7728e94da2486a1d237ac#minikube",
      "source": "devbox-search",
      "version": "1.38.1",
      "systems": {
        "aarch64-darwin": {
          "outputs": [
            {
              "name": "out",
              "path": "/nix/store/iphqpv6nkd58dwry781qf66hwfrbnr8c-minikube-1.38.1",
              "default": true
            }
          ],
          "store_path": "/nix/store/iphqpv6nkd58dwry781qf66hwfrbnr8c-minikube-1.38.1"
        },
        "aarch64-linux": {
          "outputs": [
            {
              "name": "out",
              "path": "/nix/store/ip3avw3vkbqz56m12b3zpbdxgmri5y57-minikube-1.38.1",
              "default": true
            }
          ],
          "store_path": "/nix/store/ip3avw3vkbqz56m12b3zpbdxgmri5y57-minikube-1.38.1"
        },
        "x86_64-darwin": {
          "outputs": [
            {
              "name": "out",
              "path": "/nix/store/l7s89cdzxiwb36n32xb94lvrxdvi96mx-minikube-1.38.1",
              "default": true
            }
          ],
          "store_path": "/nix/store/l7s89cdzxiwb36n32xb94lvrxdvi96mx-minikube-1.38.1"
        },
        "x86_64-linux": {
          "outputs": [
            {
              "name": "out",
              "path": "/nix/store/y74xvck5np8dhznikah8ngkrd016s2cv-minikube-1.38.1",
              "default": true
            }
          ],
          "store_path": "/nix/store/y74xvck5np8dhznikah8ngkrd016s2cv-minikube-1.38.1"
        }
      }
    },
    "tilt@0.37.6": {
      "last_modified": "2026-08-03T00:04:07Z",
      "resolved": "github:NixOS/nixpkgs/243895692ae2a2fbd08a05141462c0cc0d3ca10f#tilt",
      "source": "devbox-search",
      "version": "0.37.6",
      "systems": {
        "aarch64-darwin": {
          "outputs": [
            {
              "name": "out",
              "path": "/nix/store/g6idaxyq6wxk6z7s0rd549s0ys919kya-tilt-0.37.6",
              "default": true
            }
          ],
          "store_path": "/nix/store/g6idaxyq6wxk6z7s0rd549s0ys919kya-tilt-0.37.6"
        },
        "aarch64-linux": {
          "outputs": [
            {
              "name": "out",
              "path": "/nix/store/61kjhpjkpj7bz03lm3088rb1djg8n24n-tilt-0.37.6",
              "default": true
            }
          ],
          "store_path": "/nix/store/61kjhpjkpj7bz03lm3088rb1djg8n24n-tilt-0.37.6"
        },
        "x86_64-linux": {
          "outputs": [
            {
              "name": "out",
              "path": "/nix/store/jb9n21bsa92fkmp732g08wyql17r9z9q-tilt-0.37.6",
              "default": true
            }
          ],
          "store_path": "/nix/store/jb9n21bsa92fkmp732g08wyql17r9z9q-tilt-0.37.6"
        }
      }
    }
  }
}
